
Microsoft Visual Studio Solution File, Format Version 12.00
# Visual Studio Version 17
VisualStudioVersion = 17.3.32819.101
MinimumVisualStudioVersion = 10.0.40219.1
Project("{FAE04EC0-301F-11D3-BF4B-00C04F79EFBC}") = "NZWalks.API", "NZWalks.API\NZWalks.API.csproj", "{657B6DB3-3BD9-4C1B-B03D-3EAAEEFEFF67}"
EndProject
Global
	GlobalSection(SolutionConfigurationPlatforms) = preSolution
		Debug|Any CPU = Debug|Any CPU
		Release|Any CPU = Release|Any CPU
	EndGlobalSection
	GlobalSection(ProjectConfigurationPlatforms) = postSolution
		{657B6DB3-3BD9-4C1B-B03D-3EAAEEFEFF67}.Debug|Any CPU.ActiveCfg = Debug|Any CPU
		{657B6DB3-3BD9-4C1B-B03D-3EAAEEFEFF67}.Debug|Any CPU.Build.0 = Debug|Any CPU
		{657B6DB3-3BD9-4C1B-B03D-3EAAEEFEFF67}.Release|Any CPU.ActiveCfg = Release|Any CPU
		{657B6DB3-3BD9-4C1B-B03D-3EAAEEFEFF67}.Release|Any CPU.Build.0 = Release|Any CPU
	EndGlobalSection
	GlobalSection(SolutionProperties) = preSolution
		HideSolutionNode = FALSE
	EndGlobalSection
	GlobalSection(ExtensibilityGlobals) = postSolution
		SolutionGuid = {4DF3DBDE-27A7-476F-9253-E23798CEED51}
	EndGlobalSection
EndGlobal
